# @generated by Move, please check-in and do not edit manually.

[move]
version = 3
manifest_digest = "0C05790BB705A872943BA63BC4C5C61DF04E03B459429C47287D6E47170B0C40"
deps_digest = "F8BBB0CCB2491CA29A3DF03D6F92277A4F3574266507ACD77214D37ECA3F3082"
dependencies = [
  { id = "Sui", name = "Sui" },
]

[[move.package]]
id = "MoveStdlib"
source = { git = "https://github.com/MystenLabs/sui.git", rev = "framework/testnet", subdir = "crates/sui-framework/packages/move-stdlib" }

[[move.package]]
id = "Sui"
source = { git = "https://github.com/MystenLabs/sui.git", rev = "framework/testnet", subdir = "crates/sui-framework/packages/sui-framework" }

dependencies = [
  { id = "MoveStdlib", name = "MoveStdlib" },
]

[move.toolchain-version]
compiler-version = "1.50.1"
edition = "2024.beta"
flavor = "sui"

[env]

[env.testnet]
chain-id = "4c78adac"
original-published-id = "0x058171d13219e409423faf756b48abbe6f50c6f902e5ba39efa3b7524321b9f6"
latest-published-id = "0x058171d13219e409423faf756b48abbe6f50c6f902e5ba39efa3b7524321b9f6"
published-version = "1"

[env.devnet]
chain-id = "3f2108a2"
original-published-id = "0x95120f4f689ef4b8056c286373480dd84401a960794f6891585c1777b890cb61"
latest-published-id = "0x95120f4f689ef4b8056c286373480dd84401a960794f6891585c1777b890cb61"
published-version = "1"

[env.local]
chain-id = "1b94e2db"
original-published-id = "0x01fa087b355286482242d897e009141677dd7e66683de36a836ea3410e877090"
latest-published-id = "0x01fa087b355286482242d897e009141677dd7e66683de36a836ea3410e877090"
published-version = "1"
